// !$*UTF8*$!
{
	archiveVersion = 1;
	classes = {
	};
	objectVersion = 50;
	objects = {

/* Begin PBXBuildFile section */
		DB0407F92154546800616CC6 /* ActViewController.swift in Sources */ = {isa = PBXBuildFile; fileRef = DB0407F82154546800616CC6 /* ActViewController.swift */; };
		DB0407FB2154548000616CC6 /* ActOfTheDay.swift in Sources */ = {isa = PBXBuildFile; fileRef = DB0407FA2154548000616CC6 /* ActOfTheDay.swift */; };
		DB1A48A42156AE830030D1C5 /* myCell.swift in Sources */ = {isa = PBXBuildFile; fileRef = DB1A48A32156AE830030D1C5 /* myCell.swift */; };
		DB4317212158695000A7425E /* CollectionViewController.swift in Sources */ = {isa = PBXBuildFile; fileRef = DB4317202158695000A7425E /* CollectionViewController.swift */; };
		DB6DD2D02154127100267FBE /* AppDelegate.swift in Sources */ = {isa = PBXBuildFile; fileRef = DB6DD2CF2154127100267FBE /* AppDelegate.swift */; };
		DB6DD2D52154127100267FBE /* Main.storyboard in Resources */ = {isa = PBXBuildFile; fileRef = DB6DD2D32154127100267FBE /* Main.storyboard */; };
		DB6DD2D72154127100267FBE /* Assets.xcassets in Resources */ = {isa = PBXBuildFile; fileRef = DB6DD2D62154127100267FBE /* Assets.xcassets */; };
		DB6DD2DA2154127100267FBE /* LaunchScreen.storyboard in Resources */ = {isa = PBXBuildFile; fileRef = DB6DD2D82154127100267FBE /* LaunchScreen.storyboard */; };
		DB6DD2E52154127100267FBE /* DyswisTests.swift in Sources */ = {isa = PBXBuildFile; fileRef = DB6DD2E42154127100267FBE /* DyswisTests.swift */; };
		DB6DD2F02154127100267FBE /* DyswisUITests.swift in Sources */ = {isa = PBXBuildFile; fileRef = DB6DD2EF2154127100267FBE /* DyswisUITests.swift */; };
		DB6DD3002154206B00267FBE /* Default-568h@2x.png in Resources */ = {isa = PBXBuildFile; fileRef = DB6DD2FF2154206B00267FBE /* Default-568h@2x.png */; };
		DB962C92215467B600B2E8C6 /* ViewController.swift in Sources */ = {isa = PBXBuildFile; fileRef = DB962C91215467B600B2E8C6 /* ViewController.swift */; };
/* End PBXBuildFile section */

/* Begin PBXContainerItemProxy section */
		DB6DD2E12154127100267FBE /* PBXContainerItemProxy */ = {
			isa = PBXContainerItemProxy;
			containerPortal = DB6DD2C42154127100267FBE /* Project object */;
			proxyType = 1;
			remoteGlobalIDString = DB6DD2CB2154127100267FBE;
			remoteInfo = Dyswis;
		};
		DB6DD2EC2154127100267FBE /* PBXContainerItemProxy */ = {
			isa = PBXContainerItemProxy;
			containerPortal = DB6DD2C42154127100267FBE /* Project object */;
			proxyType = 1;
			remoteGlobalIDString = DB6DD2CB2154127100267FBE;
			remoteInfo = Dyswis;
		};
/* End PBXContainerItemProxy section */

/* Begin PBXFileReference section */
		DB0407F82154546800616CC6 /* ActViewController.swift */ = {isa = PBXFileReference; lastKnownFileType = sourcecode.swift; path = ActViewController.swift; sourceTree = "<group>"; };
		DB0407FA2154548000616CC6 /* ActOfTheDay.swift */ = {isa = PBXFileReference; lastKnownFileType = sourcecode.swift; path = ActOfTheDay.swift; sourceTree = "<group>"; };
		DB1A48A32156AE830030D1C5 /* myCell.swift */ = {isa = PBXFileReference; lastKnownFileType = sourcecode.swift; name = myCell.swift; path = ../myCell.swift; sourceTree = "<group>"; };
		DB4317202158695000A7425E /* CollectionViewController.swift */ = {isa = PBXFileReference; lastKnownFileType = sourcecode.swift; path = CollectionViewController.swift; sourceTree = "<group>"; };
		DB6DD2CC2154127100267FBE /* Dyswis.app */ = {isa = PBXFileReference; explicitFileType = wrapper.application; includeInIndex = 0; path = Dyswis.app; sourceTree = BUILT_PRODUCTS_DIR; };
		DB6DD2CF2154127100267FBE /* AppDelegate.swift */ = {isa = PBXFileReference; lastKnownFileType = sourcecode.swift; path = AppDelegate.swift; sourceTree = "<group>"; };
		DB6DD2D42154127100267FBE /* Base */ = {isa = PBXFileReference; lastKnownFileType = file.storyboard; name = Base; path = Base.lproj/Main.storyboard; sourceTree = "<group>"; };
		DB6DD2D62154127100267FBE /* Assets.xcassets */ = {isa = PBXFileReference; lastKnownFileType = folder.assetcatalog; path = Assets.xcassets; sourceTree = "<group>"; };
		DB6DD2D92154127100267FBE /* Base */ = {isa = PBXFileReference; lastKnownFileType = file.storyboard; name = Base; path = Base.lproj/LaunchScreen.storyboard; sourceTree = "<group>"; };
		DB6DD2DB2154127100267FBE /* Info.plist */ = {isa = PBXFileReference; lastKnownFileType = text.plist.xml; path = Info.plist; sourceTree = "<group>"; };
		DB6DD2E02154127100267FBE /* DyswisTests.xctest */ = {isa = PBXFileReference; explicitFileType = wrapper.cfbundle; includeInIndex = 0; path = DyswisTests.xctest; sourceTree = BUILT_PRODUCTS_DIR; };
		DB6DD2E42154127100267FBE /* DyswisTests.swift */ = {isa = PBXFileReference; lastKnownFileType = sourcecode.swift; path = DyswisTests.swift; sourceTree = "<group>"; };
		DB6DD2E62154127100267FBE /* Info.plist */ = {isa = PBXFileReference; lastKnownFileType = text.plist.xml; path = Info.plist; sourceTree = "<group>"; };
		DB6DD2EB2154127100267FBE /* DyswisUITests.xctest */ = {isa = PBXFileReference; explicitFileType = wrapper.cfbundle; includeInIndex = 0; path = DyswisUITests.xctest; sourceTree = BUILT_PRODUCTS_DIR; };
		DB6DD2EF2154127100267FBE /* DyswisUITests.swift */ = {isa = PBXFileReference; lastKnownFileType = sourcecode.swift; path = DyswisUITests.swift; sourceTree = "<group>"; };
		DB6DD2F12154127100267FBE /* Info.plist */ = {isa = PBXFileReference; lastKnownFileType = text.plist.xml; path = Info.plist; sourceTree = "<group>"; };
		DB6DD2FF2154206B00267FBE /* Default-568h@2x.png */ = {isa = PBXFileReference; lastKnownFileType = image.png; path = "Default-568h@2x.png"; sourceTree = "<group>"; };
		DB962C91215467B600B2E8C6 /* ViewController.swift */ = {isa = PBXFileReference; lastKnownFileType = sourcecode.swift; path = ViewController.swift; sourceTree = "<group>"; };
/* End PBXFileReference section */

/* Begin PBXFrameworksBuildPhase section */
		DB6DD2C92154127100267FBE /* Frameworks */ = {
			isa = PBXFrameworksBuildPhase;
			buildActionMask = 2147483647;
			files = (
			);
			runOnlyForDeploymentPostprocessing = 0;
		};
		DB6DD2DD2154127100267FBE /* Frameworks */ = {
			isa = PBXFrameworksBuildPhase;
			buildActionMask = 2147483647;
			files = (
			);
			runOnlyForDeploymentPostprocessing = 0;
		};
		DB6DD2E82154127100267FBE /* Frameworks */ = {
			isa = PBXFrameworksBuildPhase;
			buildActionMask = 2147483647;
			files = (
			);
			runOnlyForDeploymentPostprocessing = 0;
		};
/* End PBXFrameworksBuildPhase section */

/* Begin PBXGroup section */
		DB6DD2C32154127100267FBE = {
			isa = PBXGroup;
			children = (
				DB6DD2FF2154206B00267FBE /* Default-568h@2x.png */,
				DB6DD2CE2154127100267FBE /* Dyswis */,
				DB6DD2E32154127100267FBE /* DyswisTests */,
				DB6DD2EE2154127100267FBE /* DyswisUITests */,
				DB6DD2CD2154127100267FBE /* Products */,
			);
			sourceTree = "<group>";
		};
		DB6DD2CD2154127100267FBE /* Products */ = {
			isa = PBXGroup;
			children = (
				DB6DD2CC2154127100267FBE /* Dyswis.app */,
				DB6DD2E02154127100267FBE /* DyswisTests.xctest */,
				DB6DD2EB2154127100267FBE /* DyswisUITests.xctest */,
			);
			name = Products;
			sourceTree = "<group>";
		};
		DB6DD2CE2154127100267FBE /* Dyswis */ = {
			isa = PBXGroup;
			children = (
				DB6DD2CF2154127100267FBE /* AppDelegate.swift */,
				DB6DD2D32154127100267FBE /* Main.storyboard */,
				DB1A48A32156AE830030D1C5 /* myCell.swift */,
				DB6DD2D62154127100267FBE /* Assets.xcassets */,
				DB6DD2D82154127100267FBE /* LaunchScreen.storyboard */,
				DB6DD2DB2154127100267FBE /* Info.plist */,
				DB0407F82154546800616CC6 /* ActViewController.swift */,
				DB0407FA2154548000616CC6 /* ActOfTheDay.swift */,
				DB962C91215467B600B2E8C6 /* ViewController.swift */,
				DB4317202158695000A7425E /* CollectionViewController.swift */,
			);
			path = Dyswis;
			sourceTree = "<group>";
		};
		DB6DD2E32154127100267FBE /* DyswisTests */ = {
			isa = PBXGroup;
			children = (
				DB6DD2E42154127100267FBE /* DyswisTests.swift */,
				DB6DD2E62154127100267FBE /* Info.plist */,
			);
			path = DyswisTests;
			sourceTree = "<group>";
		};
		DB6DD2EE2154127100267FBE /* DyswisUITests */ = {
			isa = PBXGroup;
			children = (
				DB6DD2EF2154127100267FBE /* DyswisUITests.swift */,
				DB6DD2F12154127100267FBE /* Info.plist */,
			);
			path = DyswisUITests;
			sourceTree = "<group>";
		};
/* End PBXGroup section */

/* Begin PBXNativeTarget section */
		DB6DD2CB2154127100267FBE /* Dyswis */ = {
			isa = PBXNativeTarget;
			buildConfigurationList = DB6DD2F42154127100267FBE /* Build configuration list for PBXNativeTarget "Dyswis" */;
			buildPhases = (
				DB6DD2C82154127100267FBE /* Sources */,
				DB6DD2C92154127100267FBE /* Frameworks */,
				DB6DD2CA2154127100267FBE /* Resources */,
			);
			buildRules = (
			);
			dependencies = (
			);
			name = Dyswis;
			productName = Dyswis;
			productReference = DB6DD2CC2154127100267FBE /* Dyswis.app */;
			productType = "com.apple.product-type.application";
		};
		DB6DD2DF2154127100267FBE /* DyswisTests */ = {
			isa = PBXNativeTarget;
			buildConfigurationList = DB6DD2F72154127100267FBE /* Build configuration list for PBXNativeTarget "DyswisTests" */;
			buildPhases = (
				DB6DD2DC2154127100267FBE /* Sources */,
				DB6DD2DD2154127100267FBE /* Frameworks */,
				DB6DD2DE2154127100267FBE /* Resources */,
			);
			buildRules = (
			);
			dependencies = (
				DB6DD2E22154127100267FBE /* PBXTargetDependency */,
			);
			name = DyswisTests;
			productName = DyswisTests;
			productReference = DB6DD2E02154127100267FBE /* DyswisTests.xctest */;
			productType = "com.apple.product-type.bundle.unit-test";
		};
		DB6DD2EA2154127100267FBE /* DyswisUITests */ = {
			isa = PBXNativeTarget;
			buildConfigurationList = DB6DD2FA2154127100267FBE /* Build configuration list for PBXNativeTarget "DyswisUITests" */;
			buildPhases = (
				DB6DD2E72154127100267FBE /* Sources */,
				DB6DD2E82154127100267FBE /* Frameworks */,
				DB6DD2E92154127100267FBE /* Resources */,
			);
			buildRules = (
			);
			dependencies = (
				DB6DD2ED2154127100267FBE /* PBXTargetDependency */,
			);
			name = DyswisUITests;
			productName = DyswisUITests;
			productReference = DB6DD2EB2154127100267FBE /* DyswisUITests.xctest */;
			productType = "com.apple.product-type.bundle.ui-testing";
		};
/* End PBXNativeTarget section */

/* Begin PBXProject section */
		DB6DD2C42154127100267FBE /* Project object */ = {
			isa = PBXProject;
			attributes = {
				LastSwiftUpdateCheck = 0940;
				LastUpgradeCheck = 0940;
				ORGANIZATIONNAME = "David M Wallace";
				TargetAttributes = {
					DB6DD2CB2154127100267FBE = {
						CreatedOnToolsVersion = 9.4.1;
					};
					DB6DD2DF2154127100267FBE = {
						CreatedOnToolsVersion = 9.4.1;
						TestTargetID = DB6DD2CB2154127100267FBE;
					};
					DB6DD2EA2154127100267FBE = {
						CreatedOnToolsVersion = 9.4.1;
						TestTargetID = DB6DD2CB2154127100267FBE;
					};
				};
			};
			buildConfigurationList = DB6DD2C72154127100267FBE /* Build configuration list for PBXProject "Dyswis" */;
			compatibilityVersion = "Xcode 9.3";
			developmentRegion = en;
			hasScannedForEncodings = 0;
			knownRegions = (
				en,
				Base,
			);
			mainGroup = DB6DD2C32154127100267FBE;
			productRefGroup = DB6DD2CD2154127100267FBE /* Products */;
			projectDirPath = "";
			projectRoot = "";
			targets = (
				DB6DD2CB2154127100267FBE /* Dyswis */,
				DB6DD2DF2154127100267FBE /* DyswisTests */,
				DB6DD2EA2154127100267FBE /* DyswisUITests */,
			);
		};
/* End PBXProject section */

/* Begin PBXResourcesBuildPhase section */
		DB6DD2CA2154127100267FBE /* Resources */ = {
			isa = PBXResourcesBuildPhase;
			buildActionMask = 2147483647;
			files = (
				DB6DD2DA2154127100267FBE /* LaunchScreen.storyboard in Resources */,
				DB6DD3002154206B00267FBE /* Default-568h@2x.png in Resources */,
				DB6DD2D72154127100267FBE /* Assets.xcassets in Resources */,
				DB6DD2D52154127100267FBE /* Main.storyboard in Resources */,
			);
			runOnlyForDeploymentPostprocessing = 0;
		};
		DB6DD2DE2154127100267FBE /* Resources */ = {
			isa = PBXResourcesBuildPhase;
			buildActionMask = 2147483647;
			files = (
			);
			runOnlyForDeploymentPostprocessing = 0;
		};
		DB6DD2E92154127100267FBE /* Resources */ = {
			isa = PBXResourcesBuildPhase;
			buildActionMask = 2147483647;
			files = (
			);
			runOnlyForDeploymentPostprocessing = 0;
		};
/* End PBXResourcesBuildPhase section */

/* Begin PBXSourcesBuildPhase section */
		DB6DD2C82154127100267FBE /* Sources */ = {
			isa = PBXSourcesBuildPhase;
			buildActionMask = 2147483647;
			files = (
				DB4317212158695000A7425E /* CollectionViewController.swift in Sources */,
				DB0407FB2154548000616CC6 /* ActOfTheDay.swift in Sources */,
				DB1A48A42156AE830030D1C5 /* myCell.swift in Sources */,
				DB0407F92154546800616CC6 /* ActViewController.swift in Sources */,
				DB962C92215467B600B2E8C6 /* ViewController.swift in Sources */,
				DB6DD2D02154127100267FBE /* AppDelegate.swift in Sources */,
			);
			runOnlyForDeploymentPostprocessing = 0;
		};
		DB6DD2DC2154127100267FBE /* Sources */ = {
			isa = PBXSourcesBuildPhase;
			buildActionMask = 2147483647;
			files = (
				DB6DD2E52154127100267FBE /* DyswisTests.swift in Sources */,
			);
			runOnlyForDeploymentPostprocessing = 0;
		};
		DB6DD2E72154127100267FBE /* Sources */ = {
			isa = PBXSourcesBuildPhase;
			buildActionMask = 2147483647;
			files = (
				DB6DD2F02154127100267FBE /* DyswisUITests.swift in Sources */,
			);
			runOnlyForDeploymentPostprocessing = 0;
		};
/* End PBXSourcesBuildPhase section */

/* Begin PBXTargetDependency section */
		DB6DD2E22154127100267FBE /* PBXTargetDependency */ = {
			isa = PBXTargetDependency;
			target = DB6DD2CB2154127100267FBE /* Dyswis */;
			targetProxy = DB6DD2E12154127100267FBE /* PBXContainerItemProxy */;
		};
		DB6DD2ED2154127100267FBE /* PBXTargetDependency */ = {
			isa = PBXTargetDependency;
			target = DB6DD2CB2154127100267FBE /* Dyswis */;
			targetProxy = DB6DD2EC2154127100267FBE /* PBXContainerItemProxy */;
		};
/* End PBXTargetDependency section */

/* Begin PBXVariantGroup section */
		DB6DD2D32154127100267FBE /* Main.storyboard */ = {
			isa = PBXVariantGroup;
			children = (
				DB6DD2D42154127100267FBE /* Base */,
			);
			name = Main.storyboard;
			sourceTree = "<group>";
		};
		DB6DD2D82154127100267FBE /* LaunchScreen.storyboard */ = {
			isa = PBXVariantGroup;
			children = (
				DB6DD2D92154127100267FBE /* Base */,
			);
			name = LaunchScreen.storyboard;
			sourceTree = "<group>";
		};
/* End PBXVariantGroup section */

/* Begin XCBuildConfiguration section */
		DB6DD2F22154127100267FBE /* Debug */ = {
			isa = XCBuildConfiguration;
			buildSettings = {
				ALWAYS_SEARCH_USER_PATHS = NO;
				CLANG_ANALYZER_NONNULL = YES;
				CLANG_ANALYZER_NUMBER_OBJECT_CONVERSION = YES_AGGRESSIVE;
				CLANG_CXX_LANGUAGE_STANDARD = "gnu++14";
				CLANG_CXX_LIBRARY = "libc++";
				CLANG_ENABLE_MODULES = YES;
				CLANG_ENABLE_OBJC_ARC = YES;
				CLANG_ENABLE_OBJC_WEAK = YES;
				CLANG_WARN_BLOCK_CAPTURE_AUTORELEASING = YES;
				CLANG_WARN_BOOL_CONVERSION = YES;
				CLANG_WARN_COMMA = YES;
				CLANG_WARN_CONSTANT_CONVERSION = YES;
				CLANG_WARN_DEPRECATED_OBJC_IMPLEMENTATIONS = YES;
				CLANG_WARN_DIRECT_OBJC_ISA_USAGE = YES_ERROR;
				CLANG_WARN_DOCUMENTATION_COMMENTS = YES;
				CLANG_WARN_EMPTY_BODY = YES;
				CLANG_WARN_ENUM_CONVERSION = YES;
				CLANG_WARN_INFINITE_RECURSION = YES;
				CLANG_WARN_INT_CONVERSION = YES;
				CLANG_WARN_NON_LITERAL_NULL_CONVERSION = YES;
				CLANG_WARN_OBJC_IMPLICIT_RETAIN_SELF = YES;
				CLANG_WARN_OBJC_LITERAL_CONVERSION = YES;
				CLANG_WARN_OBJC_ROOT_CLASS = YES_ERROR;
				CLANG_WARN_RANGE_LOOP_ANALYSIS = YES;
				CLANG_WARN_STRICT_PROTOTYPES = YES;
				CLANG_WARN_SUSPICIOUS_MOVE = YES;
				CLANG_WARN_UNGUARDED_AVAILABILITY = YES_AGGRESSIVE;
				CLANG_WARN_UNREACHABLE_CODE = YES;
				CLANG_WARN__DUPLICATE_METHOD_MATCH = YES;
				CODE_SIGN_IDENTITY = "iPhone Developer";
				COPY_PHASE_STRIP = NO;
				DEBUG_INFORMATION_FORMAT = dwarf;
				ENABLE_STRICT_OBJC_MSGSEND = YES;
				ENABLE_TESTABILITY = YES;
				GCC_C_LANGUAGE_STANDARD = gnu11;
				GCC_DYNAMIC_NO_PIC = NO;
				GCC_NO_COMMON_BLOCKS = YES;
				GCC_OPTIMIZATION_LEVEL = 0;
				GCC_PREPROCESSOR_DEFINITIONS = (
					"DEBUG=1",
					"$(inherited)",
				);
				GCC_WARN_64_TO_32_BIT_CONVERSION = YES;
				GCC_WARN_ABOUT_RETURN_TYPE = YES_ERROR;
				GCC_WARN_UNDECLARED_SELECTOR = YES;
				GCC_WARN_UNINITIALIZED_AUTOS = YES_AGGRESSIVE;
				GCC_WARN_UNUSED_FUNCTION = YES;
				GCC_WARN_UNUSED_VARIABLE = YES;
				IPHONEOS_DEPLOYMENT_TARGET = 11.4;
				MTL_ENABLE_DEBUG_INFO = YES;
				ONLY_ACTIVE_ARCH = YES;
				SDKROOT = iphoneos;
				SWIFT_ACTIVE_COMPILATION_CONDITIONS = DEBUG;
				SWIFT_OPTIMIZATION_LEVEL = "-Onone";
			};
			name = Debug;
		};
		DB6DD2F32154127100267FBE /* Release */ = {
			isa = XCBuildConfiguration;
			buildSettings = {
				ALWAYS_SEARCH_USER_PATHS = NO;
				CLANG_ANALYZER_NONNULL = YES;
				CLANG_ANALYZER_NUMBER_OBJECT_CONVERSION = YES_AGGRESSIVE;
				CLANG_CXX_LANGUAGE_STANDARD = "gnu++14";
				CLANG_CXX_LIBRARY = "libc++";
				CLANG_ENABLE_MODULES = YES;
				CLANG_ENABLE_OBJC_ARC = YES;
				CLANG_ENABLE_OBJC_WEAK = YES;
				CLANG_WARN_BLOCK_CAPTURE_AUTORELEASING = YES;
				CLANG_WARN_BOOL_CONVERSION = YES;
				CLANG_WARN_COMMA = YES;
				CLANG_WARN_CONSTANT_CONVERSION = YES;
				CLANG_WARN_DEPRECATED_OBJC_IMPLEMENTATIONS = YES;
				CLANG_WARN_DIRECT_OBJC_ISA_USAGE = YES_ERROR;
				CLANG_WARN_DOCUMENTATION_COMMENTS = YES;
				CLANG_WARN_EMPTY_BODY = YES;
				CLANG_WARN_ENUM_CONVERSION = YES;
				CLANG_WARN_INFINITE_RECURSION = YES;
				CLANG_WARN_INT_CONVERSION = YES;
				CLANG_WARN_NON_LITERAL_NULL_CONVERSION = YES;
				CLANG_WARN_OBJC_IMPLICIT_RETAIN_SELF = YES;
				CLANG_WARN_OBJC_LITERAL_CONVERSION = YES;
				CLANG_WARN_OBJC_ROOT_CLASS = YES_ERROR;
				CLANG_WARN_RANGE_LOOP_ANALYSIS = YES;
				CLANG_WARN_STRICT_PROTOTYPES = YES;
				CLANG_WARN_SUSPICIOUS_MOVE = YES;
				CLANG_WARN_UNGUARDED_AVAILABILITY = YES_AGGRESSIVE;
				CLANG_WARN_UNREACHABLE_CODE = YES;
				CLANG_WARN__DUPLICATE_METHOD_MATCH = YES;
				CODE_SIGN_IDENTITY = "iPhone Developer";
				COPY_PHASE_STRIP = NO;
				DEBUG_INFORMATION_FORMAT = "dwarf-with-dsym";
				ENABLE_NS_ASSERTIONS = NO;
				ENABLE_STRICT_OBJC_MSGSEND = YES;
				GCC_C_LANGUAGE_STANDARD = gnu11;
				GCC_NO_COMMON_BLOCKS = YES;
				GCC_WARN_64_TO_32_BIT_CONVERSION = YES;
				GCC_WARN_ABOUT_RETURN_TYPE = YES_ERROR;
				GCC_WARN_UNDECLARED_SELECTOR = YES;
				GCC_WARN_UNINITIALIZED_AUTOS = YES_AGGRESSIVE;
				GCC_WARN_UNUSED_FUNCTION = YES;
				GCC_WARN_UNUSED_VARIABLE = YES;
				IPHONEOS_DEPLOYMENT_TARGET = 11.4;
				MTL_ENABLE_DEBUG_INFO = NO;
				SDKROOT = iphoneos;
				SWIFT_COMPILATION_MODE = wholemodule;
				SWIFT_OPTIMIZATION_LEVEL = "-O";
				VALIDATE_PRODUCT = YES;
			};
			name = Release;
		};
		DB6DD2F52154127100267FBE /* Debug */ = {
			isa = XCBuildConfiguration;
			buildSettings = {
				ASSETCATALOG_COMPILER_APPICON_NAME = AppIcon;
				CODE_SIGN_STYLE = Automatic;
				INFOPLIST_FILE = Dyswis/Info.plist;
				LD_RUNPATH_SEARCH_PATHS = (
					"$(inherited)",
					"@executable_path/Frameworks",
				);
				PRODUCT_BUNDLE_IDENTIFIER = Dyswis.Dyswis;
				PRODUCT_NAME = "$(TARGET_NAME)";
				SWIFT_VERSION = 4.0;
				TARGETED_DEVICE_FAMILY = "1,2";
			};
			name = Debug;
		};
		DB6DD2F62154127100267FBE /* Release */ = {
			isa = XCBuildConfiguration;
			buildSettings = {
				ASSETCATALOG_COMPILER_APPICON_NAME = AppIcon;
				CODE_SIGN_STYLE = Automatic;
				INFOPLIST_FILE = Dyswis/Info.plist;
				LD_RUNPATH_SEARCH_PATHS = (
					"$(inherited)",
					"@executable_path/Frameworks",
				);
				PRODUCT_BUNDLE_IDENTIFIER = Dyswis.Dyswis;
				PRODUCT_NAME = "$(TARGET_NAME)";
				SWIFT_VERSION = 4.0;
				TARGETED_DEVICE_FAMILY = "1,2";
			};
			name = Release;
		};
		DB6DD2F82154127100267FBE /* Debug */ = {
			isa = XCBuildConfiguration;
			buildSettings = {
				ALWAYS_EMBED_SWIFT_STANDARD_LIBRARIES = YES;
				BUNDLE_LOADER = "$(TEST_HOST)";
				CODE_SIGN_STYLE = Automatic;
				INFOPLIST_FILE = DyswisTests/Info.plist;
				LD_RUNPATH_SEARCH_PATHS = (
					"$(inherited)",
					"@executable_path/Frameworks",
					"@loader_path/Frameworks",
				);
				PRODUCT_BUNDLE_IDENTIFIER = Dyswis.DyswisTests;
				PRODUCT_NAME = "$(TARGET_NAME)";
				SWIFT_VERSION = 4.0;
				TARGETED_DEVICE_FAMILY = "1,2";
				TEST_HOST = "$(BUILT_PRODUCTS_DIR)/Dyswis.app/Dyswis";
			};
			name = Debug;
		};
		DB6DD2F92154127100267FBE /* Release */ = {
			isa = XCBuildConfiguration;
			buildSettings = {
				ALWAYS_EMBED_SWIFT_STANDARD_LIBRARIES = YES;
				BUNDLE_LOADER = "$(TEST_HOST)";
				CODE_SIGN_STYLE = Automatic;
				INFOPLIST_FILE = DyswisTests/Info.plist;
				LD_RUNPATH_SEARCH_PATHS = (
					"$(inherited)",
					"@executable_path/Frameworks",
					"@loader_path/Frameworks",
				);
				PRODUCT_BUNDLE_IDENTIFIER = Dyswis.DyswisTests;
				PRODUCT_NAME = "$(TARGET_NAME)";
				SWIFT_VERSION = 4.0;
				TARGETED_DEVICE_FAMILY = "1,2";
				TEST_HOST = "$(BUILT_PRODUCTS_DIR)/Dyswis.app/Dyswis";
			};
			name = Release;
		};
		DB6DD2FB2154127100267FBE /* Debug */ = {
			isa = XCBuildConfiguration;
			buildSettings = {
				ALWAYS_EMBED_SWIFT_STANDARD_LIBRARIES = YES;
				CODE_SIGN_STYLE = Automatic;
				INFOPLIST_FILE = DyswisUITests/Info.plist;
				LD_RUNPATH_SEARCH_PATHS = (
					"$(inherited)",
					"@executable_path/Frameworks",
					"@loader_path/Frameworks",
				);
				PRODUCT_BUNDLE_IDENTIFIER = Dyswis.DyswisUITests;
				PRODUCT_NAME = "$(TARGET_NAME)";
				SWIFT_VERSION = 4.0;
				TARGETED_DEVICE_FAMILY = "1,2";
				TEST_TARGET_NAME = Dyswis;
			};
			name = Debug;
		};
		DB6DD2FC2154127100267FBE /* Release */ = {
			isa = XCBuildConfiguration;
			buildSettings = {
				ALWAYS_EMBED_SWIFT_STANDARD_LIBRARIES = YES;
				CODE_SIGN_STYLE = Automatic;
				INFOPLIST_FILE = DyswisUITests/Info.plist;
				LD_RUNPATH_SEARCH_PATHS = (
					"$(inherited)",
					"@executable_path/Frameworks",
					"@loader_path/Frameworks",
				);
				PRODUCT_BUNDLE_IDENTIFIER = Dyswis.DyswisUITests;
				PRODUCT_NAME = "$(TARGET_NAME)";
				SWIFT_VERSION = 4.0;
				TARGETED_DEVICE_FAMILY = "1,2";
				TEST_TARGET_NAME = Dyswis;
			};
			name = Release;
		};
/* End XCBuildConfiguration section */

/* Begin XCConfigurationList section */
		DB6DD2C72154127100267FBE /* Build configuration list for PBXProject "Dyswis" */ = {
			isa = XCConfigurationList;
			buildConfigurations = (
				DB6DD2F22154127100267FBE /* Debug */,
				DB6DD2F32154127100267FBE /* Release */,
			);
			defaultConfigurationIsVisible = 0;
			defaultConfigurationName = Release;
		};
		DB6DD2F42154127100267FBE /* Build configuration list for PBXNativeTarget "Dyswis" */ = {
			isa = XCConfigurationList;
			buildConfigurations = (
				DB6DD2F52154127100267FBE /* Debug */,
				DB6DD2F62154127100267FBE /* Release */,
			);
			defaultConfigurationIsVisible = 0;
			defaultConfigurationName = Release;
		};
		DB6DD2F72154127100267FBE /* Build configuration list for PBXNativeTarget "DyswisTests" */ = {
			isa = XCConfigurationList;
			buildConfigurations = (
				DB6DD2F82154127100267FBE /* Debug */,
				DB6DD2F92154127100267FBE /* Release */,
			);
			defaultConfigurationIsVisible = 0;
			defaultConfigurationName = Release;
		};
		DB6DD2FA2154127100267FBE /* Build configuration list for PBXNativeTarget "DyswisUITests" */ = {
			isa = XCConfigurationList;
			buildConfigurations = (
				DB6DD2FB2154127100267FBE /* Debug */,
				DB6DD2FC2154127100267FBE /* Release */,
			);
			defaultConfigurationIsVisible = 0;
			defaultConfigurationName = Release;
		};
/* End XCConfigurationList section */
	};
	rootObject = DB6DD2C42154127100267FBE /* Project object */;
}
